
Microsoft Visual Studio Solution File, Format Version 12.00
# Visual Studio 15
Project("{FAE04EC0-301F-11D3-BF4B-00C04F79EFBC}") = "Assembly-CSharp", "Assembly-CSharp.csproj", "{750D9B96-54AC-CF38-9BF5-CDB942EF1ECE}"
EndProject
Project("{FAE04EC0-301F-11D3-BF4B-00C04F79EFBC}") = "Assembly-CSharp-Editor", "Assembly-CSharp-Editor.csproj", "{37D68318-FB3F-0F33-164D-D51669D18A39}"
EndProject
Global
	GlobalSection(SolutionConfigurationPlatforms) = preSolution
		Debug|Any CPU = Debug|Any CPU
		Release|Any CPU = Release|Any CPU
	EndGlobalSection
	GlobalSection(ProjectConfigurationPlatforms) = postSolution
		{750D9B96-54AC-CF38-9BF5-CDB942EF1ECE}.Debug|Any CPU.ActiveCfg = Debug|Any CPU
		{750D9B96-54AC-CF38-9BF5-CDB942EF1ECE}.Debug|Any CPU.Build.0 = Debug|Any CPU
		{750D9B96-54AC-CF38-9BF5-CDB942EF1ECE}.Release|Any CPU.ActiveCfg = Release|Any CPU
		{750D9B96-54AC-CF38-9BF5-CDB942EF1ECE}.Release|Any CPU.Build.0 = Release|Any CPU
		{37D68318-FB3F-0F33-164D-D51669D18A39}.Debug|Any CPU.ActiveCfg = Debug|Any CPU
		{37D68318-FB3F-0F33-164D-D51669D18A39}.Debug|Any CPU.Build.0 = Debug|Any CPU
		{37D68318-FB3F-0F33-164D-D51669D18A39}.Release|Any CPU.ActiveCfg = Release|Any CPU
		{37D68318-FB3F-0F33-164D-D51669D18A39}.Release|Any CPU.Build.0 = Release|Any CPU
	EndGlobalSection
	GlobalSection(SolutionProperties) = preSolution
		HideSolutionNode = FALSE
	EndGlobalSection
EndGlobal
